
Microsoft Visual Studio Solution File, Format Version 12.00
# Visual Studio 15
VisualStudioVersion = 15.0.28010.2016
MinimumVisualStudioVersion = 10.0.40219.1
Project("{FAE04EC0-301F-11D3-BF4B-00C04F79EFBC}") = "Exercise10_1", "Exercise10.1\Exercise10_1.csproj", "{B966F9AC-A2E8-4CB7-BAF6-0B28DABFFFF3}"
EndProject
Global
	GlobalSection(SolutionConfigurationPlatforms) = preSolution
		Debug|Any CPU = Debug|Any CPU
		Release|Any CPU = Release|Any CPU
	EndGlobalSection
	GlobalSection(ProjectConfigurationPlatforms) = postSolution
		{B966F9AC-A2E8-4CB7-BAF6-0B28DABFFFF3}.Debug|Any CPU.ActiveCfg = Debug|Any CPU
		{B966F9AC-A2E8-4CB7-BAF6-0B28DABFFFF3}.Debug|Any CPU.Build.0 = Debug|Any CPU
		{B966F9AC-A2E8-4CB7-BAF6-0B28DABFFFF3}.Release|Any CPU.ActiveCfg = Release|Any CPU
		{B966F9AC-A2E8-4CB7-BAF6-0B28DABFFFF3}.Release|Any CPU.Build.0 = Release|Any CPU
	EndGlobalSection
	GlobalSection(SolutionProperties) = preSolution
		HideSolutionNode = FALSE
	EndGlobalSection
	GlobalSection(ExtensibilityGlobals) = postSolution
		SolutionGuid = {C16FEA1D-B4BF-42F2-AE0A-34F855D90C4A}
	EndGlobalSection
EndGlobal
